
Microsoft Visual Studio Solution File, Format Version 12.00
# Visual Studio Version 17
VisualStudioVersion = 17.14.36930.0 d17.14
MinimumVisualStudioVersion = 10.0.40219.1
Project("{FAE04EC0-301F-11D3-BF4B-00C04F79EFBC}") = "OneAccountManagement", "OneAccountManagement.csproj", "{8DC79ED6-8C21-47F7-BCC2-AE050511DCAC}"
EndProject
Global
	GlobalSection(SolutionConfigurationPlatforms) = preSolution
		Debug|Any CPU = Debug|Any CPU
		Release|Any CPU = Release|Any CPU
	EndGlobalSection
	GlobalSection(ProjectConfigurationPlatforms) = postSolution
		{8DC79ED6-8C21-47F7-BCC2-AE050511DCAC}.Debug|Any CPU.ActiveCfg = Debug|Any CPU
		{8DC79ED6-8C21-47F7-BCC2-AE050511DCAC}.Debug|Any CPU.Build.0 = Debug|Any CPU
		{8DC79ED6-8C21-47F7-BCC2-AE050511DCAC}.Release|Any CPU.ActiveCfg = Release|Any CPU
		{8DC79ED6-8C21-47F7-BCC2-AE050511DCAC}.Release|Any CPU.Build.0 = Release|Any CPU
	EndGlobalSection
	GlobalSection(SolutionProperties) = preSolution
		HideSolutionNode = FALSE
	EndGlobalSection
	GlobalSection(ExtensibilityGlobals) = postSolution
		SolutionGuid = {4D635D9D-2073-423A-B554-CAD19AF90028}
	EndGlobalSection
EndGlobal
